
Microsoft Visual Studio Solution File, Format Version 12.00
# Visual Studio Version 16
VisualStudioVersion = 16.0.31702.278
MinimumVisualStudioVersion = 10.0.40219.1
Project("{FAE04EC0-301F-11D3-BF4B-00C04F79EFBC}") = "linqLecture", "linqLecture\linqLecture.csproj", "{56959890-68A0-45F8-981D-DFBABE326160}"
EndProject
Global
	GlobalSection(SolutionConfigurationPlatforms) = preSolution
		Debug|Any CPU = Debug|Any CPU
		Release|Any CPU = Release|Any CPU
	EndGlobalSection
	GlobalSection(ProjectConfigurationPlatforms) = postSolution
		{56959890-68A0-45F8-981D-DFBABE326160}.Debug|Any CPU.ActiveCfg = Debug|Any CPU
		{56959890-68A0-45F8-981D-DFBABE326160}.Debug|Any CPU.Build.0 = Debug|Any CPU
		{56959890-68A0-45F8-981D-DFBABE326160}.Release|Any CPU.ActiveCfg = Release|Any CPU
		{56959890-68A0-45F8-981D-DFBABE326160}.Release|Any CPU.Build.0 = Release|Any CPU
	EndGlobalSection
	GlobalSection(SolutionProperties) = preSolution
		HideSolutionNode = FALSE
	EndGlobalSection
	GlobalSection(ExtensibilityGlobals) = postSolution
		SolutionGuid = {353D897D-E7ED-4668-BA85-5D379711EE4A}
	EndGlobalSection
EndGlobal
